
Microsoft Visual Studio Solution File, Format Version 12.00
# Visual Studio 14
VisualStudioVersion = 14.0.23107.0
MinimumVisualStudioVersion = 10.0.40219.1
Project("{FAE04EC0-301F-11D3-BF4B-00C04F79EFBC}") = "MangoEngine", "MangoEngine\MangoEngine.csproj", "{8B1049F4-ACBD-4A86-ACDA-7886BBED4FE9}"
EndProject
Project("{FAE04EC0-301F-11D3-BF4B-00C04F79EFBC}") = "Mango", "Mango\Mango.csproj", "{9853F7AD-EDF9-4823-9FC7-86A47955E36D}"
EndProject
Project("{FAE04EC0-301F-11D3-BF4B-00C04F79EFBC}") = "HttpDownloader", "HttpDownloader\HttpDownloader.csproj", "{0D551C6D-083D-409F-8397-5C4FE81D6DD5}"
EndProject
Global
	GlobalSection(SolutionConfigurationPlatforms) = preSolution
		Debug|Any CPU = Debug|Any CPU
		Debug|ARM = Debug|ARM
		Debug|x64 = Debug|x64
		Debug|x86 = Debug|x86
		Release|Any CPU = Release|Any CPU
		Release|ARM = Release|ARM
		Release|x64 = Release|x64
		Release|x86 = Release|x86
	EndGlobalSection
	GlobalSection(ProjectConfigurationPlatforms) = postSolution
		{8B1049F4-ACBD-4A86-ACDA-7886BBED4FE9}.Debug|Any CPU.ActiveCfg = Debug|Any CPU
		{8B1049F4-ACBD-4A86-ACDA-7886BBED4FE9}.Debug|Any CPU.Build.0 = Debug|Any CPU
		{8B1049F4-ACBD-4A86-ACDA-7886BBED4FE9}.Debug|ARM.ActiveCfg = Debug|ARM
		{8B1049F4-ACBD-4A86-ACDA-7886BBED4FE9}.Debug|ARM.Build.0 = Debug|ARM
		{8B1049F4-ACBD-4A86-ACDA-7886BBED4FE9}.Debug|x64.ActiveCfg = Debug|x64
		{8B1049F4-ACBD-4A86-ACDA-7886BBED4FE9}.Debug|x64.Build.0 = Debug|x64
		{8B1049F4-ACBD-4A86-ACDA-7886BBED4FE9}.Debug|x86.ActiveCfg = Debug|x86
		{8B1049F4-ACBD-4A86-ACDA-7886BBED4FE9}.Debug|x86.Build.0 = Debug|x86
		{8B1049F4-ACBD-4A86-ACDA-7886BBED4FE9}.Release|Any CPU.ActiveCfg = Release|Any CPU
		{8B1049F4-ACBD-4A86-ACDA-7886BBED4FE9}.Release|Any CPU.Build.0 = Release|Any CPU
		{8B1049F4-ACBD-4A86-ACDA-7886BBED4FE9}.Release|ARM.ActiveCfg = Release|ARM
		{8B1049F4-ACBD-4A86-ACDA-7886BBED4FE9}.Release|ARM.Build.0 = Release|ARM
		{8B1049F4-ACBD-4A86-ACDA-7886BBED4FE9}.Release|x64.ActiveCfg = Release|x64
		{8B1049F4-ACBD-4A86-ACDA-7886BBED4FE9}.Release|x64.Build.0 = Release|x64
		{8B1049F4-ACBD-4A86-ACDA-7886BBED4FE9}.Release|x86.ActiveCfg = Release|x86
		{8B1049F4-ACBD-4A86-ACDA-7886BBED4FE9}.Release|x86.Build.0 = Release|x86
		{9853F7AD-EDF9-4823-9FC7-86A47955E36D}.Debug|Any CPU.ActiveCfg = Debug|x86
		{9853F7AD-EDF9-4823-9FC7-86A47955E36D}.Debug|ARM.ActiveCfg = Debug|ARM
		{9853F7AD-EDF9-4823-9FC7-86A47955E36D}.Debug|ARM.Build.0 = Debug|ARM
		{9853F7AD-EDF9-4823-9FC7-86A47955E36D}.Debug|ARM.Deploy.0 = Debug|ARM
		{9853F7AD-EDF9-4823-9FC7-86A47955E36D}.Debug|x64.ActiveCfg = Debug|x64
		{9853F7AD-EDF9-4823-9FC7-86A47955E36D}.Debug|x64.Build.0 = Debug|x64
		{9853F7AD-EDF9-4823-9FC7-86A47955E36D}.Debug|x64.Deploy.0 = Debug|x64
		{9853F7AD-EDF9-4823-9FC7-86A47955E36D}.Debug|x86.ActiveCfg = Debug|x86
		{9853F7AD-EDF9-4823-9FC7-86A47955E36D}.Debug|x86.Build.0 = Debug|x86
		{9853F7AD-EDF9-4823-9FC7-86A47955E36D}.Debug|x86.Deploy.0 = Debug|x86
		{9853F7AD-EDF9-4823-9FC7-86A47955E36D}.Release|Any CPU.ActiveCfg = Release|x86
		{9853F7AD-EDF9-4823-9FC7-86A47955E36D}.Release|ARM.ActiveCfg = Release|ARM
		{9853F7AD-EDF9-4823-9FC7-86A47955E36D}.Release|ARM.Build.0 = Release|ARM
		{9853F7AD-EDF9-4823-9FC7-86A47955E36D}.Release|ARM.Deploy.0 = Release|ARM
		{9853F7AD-EDF9-4823-9FC7-86A47955E36D}.Release|x64.ActiveCfg = Release|x64
		{9853F7AD-EDF9-4823-9FC7-86A47955E36D}.Release|x64.Build.0 = Release|x64
		{9853F7AD-EDF9-4823-9FC7-86A47955E36D}.Release|x64.Deploy.0 = Release|x64
		{9853F7AD-EDF9-4823-9FC7-86A47955E36D}.Release|x86.ActiveCfg = Release|x86
		{9853F7AD-EDF9-4823-9FC7-86A47955E36D}.Release|x86.Build.0 = Release|x86
		{9853F7AD-EDF9-4823-9FC7-86A47955E36D}.Release|x86.Deploy.0 = Release|x86
		{0D551C6D-083D-409F-8397-5C4FE81D6DD5}.Debug|Any CPU.ActiveCfg = Debug|Any CPU
		{0D551C6D-083D-409F-8397-5C4FE81D6DD5}.Debug|Any CPU.Build.0 = Debug|Any CPU
		{0D551C6D-083D-409F-8397-5C4FE81D6DD5}.Debug|ARM.ActiveCfg = Debug|ARM
		{0D551C6D-083D-409F-8397-5C4FE81D6DD5}.Debug|ARM.Build.0 = Debug|ARM
		{0D551C6D-083D-409F-8397-5C4FE81D6DD5}.Debug|x64.ActiveCfg = Debug|x64
		{0D551C6D-083D-409F-8397-5C4FE81D6DD5}.Debug|x64.Build.0 = Debug|x64
		{0D551C6D-083D-409F-8397-5C4FE81D6DD5}.Debug|x86.ActiveCfg = Debug|x86
		{0D551C6D-083D-409F-8397-5C4FE81D6DD5}.Debug|x86.Build.0 = Debug|x86
		{0D551C6D-083D-409F-8397-5C4FE81D6DD5}.Release|Any CPU.ActiveCfg = Release|Any CPU
		{0D551C6D-083D-409F-8397-5C4FE81D6DD5}.Release|Any CPU.Build.0 = Release|Any CPU
		{0D551C6D-083D-409F-8397-5C4FE81D6DD5}.Release|ARM.ActiveCfg = Release|ARM
		{0D551C6D-083D-409F-8397-5C4FE81D6DD5}.Release|ARM.Build.0 = Release|ARM
		{0D551C6D-083D-409F-8397-5C4FE81D6DD5}.Release|x64.ActiveCfg = Release|x64
		{0D551C6D-083D-409F-8397-5C4FE81D6DD5}.Release|x64.Build.0 = Release|x64
		{0D551C6D-083D-409F-8397-5C4FE81D6DD5}.Release|x86.ActiveCfg = Release|x86
		{0D551C6D-083D-409F-8397-5C4FE81D6DD5}.Release|x86.Build.0 = Release|x86
	EndGlobalSection
	GlobalSection(SolutionProperties) = preSolution
		HideSolutionNode = FALSE
	EndGlobalSection
EndGlobal
